
Microsoft Visual Studio Solution File, Format Version 12.00
# Visual Studio 15
VisualStudioVersion = 15.0.27703.2042
MinimumVisualStudioVersion = 10.0.40219.1
Project("{FAE04EC0-301F-11D3-BF4B-00C04F79EFBC}") = "MemoryGameWinform", "MemoryGameWinform\MemoryGameWinform.csproj", "{89D9A62C-0DAF-4B59-8240-BA15C47C2579}"
EndProject
Global
	GlobalSection(SolutionConfigurationPlatforms) = preSolution
		Debug|Any CPU = Debug|Any CPU
		Release|Any CPU = Release|Any CPU
	EndGlobalSection
	GlobalSection(ProjectConfigurationPlatforms) = postSolution
		{89D9A62C-0DAF-4B59-8240-BA15C47C2579}.Debug|Any CPU.ActiveCfg = Debug|Any CPU
		{89D9A62C-0DAF-4B59-8240-BA15C47C2579}.Debug|Any CPU.Build.0 = Debug|Any CPU
		{89D9A62C-0DAF-4B59-8240-BA15C47C2579}.Release|Any CPU.ActiveCfg = Release|Any CPU
		{89D9A62C-0DAF-4B59-8240-BA15C47C2579}.Release|Any CPU.Build.0 = Release|Any CPU
	EndGlobalSection
	GlobalSection(SolutionProperties) = preSolution
		HideSolutionNode = FALSE
	EndGlobalSection
	GlobalSection(ExtensibilityGlobals) = postSolution
		SolutionGuid = {A09AD9C9-61B8-45E0-BD64-C9DA2192D474}
	EndGlobalSection
EndGlobal
